
Microsoft Visual Studio Solution File, Format Version 12.00
# Visual Studio Version 17
VisualStudioVersion = 17.3.32804.467
MinimumVisualStudioVersion = 10.0.40219.1
Project("{FAE04EC0-301F-11D3-BF4B-00C04F79EFBC}") = "RestaurantApi", "RestaurantApi\RestaurantApi.csproj", "{ED2EF81B-93F4-48E6-BC38-451E4E633CF1}"
EndProject
Global
	GlobalSection(SolutionConfigurationPlatforms) = preSolution
		Debug|Any CPU = Debug|Any CPU
		Release|Any CPU = Release|Any CPU
	EndGlobalSection
	GlobalSection(ProjectConfigurationPlatforms) = postSolution
		{ED2EF81B-93F4-48E6-BC38-451E4E633CF1}.Debug|Any CPU.ActiveCfg = Debug|Any CPU
		{ED2EF81B-93F4-48E6-BC38-451E4E633CF1}.Debug|Any CPU.Build.0 = Debug|Any CPU
		{ED2EF81B-93F4-48E6-BC38-451E4E633CF1}.Release|Any CPU.ActiveCfg = Release|Any CPU
		{ED2EF81B-93F4-48E6-BC38-451E4E633CF1}.Release|Any CPU.Build.0 = Release|Any CPU
	EndGlobalSection
	GlobalSection(SolutionProperties) = preSolution
		HideSolutionNode = FALSE
	EndGlobalSection
	GlobalSection(ExtensibilityGlobals) = postSolution
		SolutionGuid = {9B79CD66-C7BA-4073-9302-CF6C034522F1}
	EndGlobalSection
EndGlobal
